// !$*UTF8*$!
{
	archiveVersion = 1;
	classes = {
	};
	objectVersion = 50;
	objects = {

/* Begin PBXBuildFile section */
		400D6B31207D023B00B9A68B /* main.swift in Sources */ = {isa = PBXBuildFile; fileRef = 400D6B30207D023B00B9A68B /* main.swift */; };
		400D6B3E207D024E00B9A68B /* LR41_tests.swift in Sources */ = {isa = PBXBuildFile; fileRef = 400D6B3D207D024E00B9A68B /* LR41_tests.swift */; };
		400D6B4B207D027C00B9A68B /* CCone.swift in Sources */ = {isa = PBXBuildFile; fileRef = 400D6B43207D027B00B9A68B /* CCone.swift */; };
		400D6B4C207D027C00B9A68B /* CBody.swift in Sources */ = {isa = PBXBuildFile; fileRef = 400D6B44207D027B00B9A68B /* CBody.swift */; };
		400D6B4D207D027C00B9A68B /* CCylinder.swift in Sources */ = {isa = PBXBuildFile; fileRef = 400D6B45207D027C00B9A68B /* CCylinder.swift */; };
		400D6B4E207D027C00B9A68B /* CSphere.swift in Sources */ = {isa = PBXBuildFile; fileRef = 400D6B46207D027C00B9A68B /* CSphere.swift */; };
		400D6B4F207D027C00B9A68B /* CParallelepiped.swift in Sources */ = {isa = PBXBuildFile; fileRef = 400D6B47207D027C00B9A68B /* CParallelepiped.swift */; };
		400D6B50207D027C00B9A68B /* Command.swift in Sources */ = {isa = PBXBuildFile; fileRef = 400D6B48207D027C00B9A68B /* Command.swift */; };
		400D6B51207D027C00B9A68B /* CCompound.swift in Sources */ = {isa = PBXBuildFile; fileRef = 400D6B49207D027C00B9A68B /* CCompound.swift */; };
		400D6B52207D027C00B9A68B /* Body_Tools.swift in Sources */ = {isa = PBXBuildFile; fileRef = 400D6B4A207D027C00B9A68B /* Body_Tools.swift */; };
/* End PBXBuildFile section */

/* Begin PBXCopyFilesBuildPhase section */
		400D6B2B207D023B00B9A68B /* CopyFiles */ = {
			isa = PBXCopyFilesBuildPhase;
			buildActionMask = 2147483647;
			dstPath = /usr/share/man/man1/;
			dstSubfolderSpec = 0;
			files = (
			);
			runOnlyForDeploymentPostprocessing = 1;
		};
/* End PBXCopyFilesBuildPhase section */

/* Begin PBXFileReference section */
		400D6B2D207D023B00B9A68B /* LR41 */ = {isa = PBXFileReference; explicitFileType = "compiled.mach-o.executable"; includeInIndex = 0; path = LR41; sourceTree = BUILT_PRODUCTS_DIR; };
		400D6B30207D023B00B9A68B /* main.swift */ = {isa = PBXFileReference; lastKnownFileType = sourcecode.swift; path = main.swift; sourceTree = "<group>"; };
		400D6B3B207D024E00B9A68B /* LR41_tests.xctest */ = {isa = PBXFileReference; explicitFileType = wrapper.cfbundle; includeInIndex = 0; path = LR41_tests.xctest; sourceTree = BUILT_PRODUCTS_DIR; };
		400D6B3D207D024E00B9A68B /* LR41_tests.swift */ = {isa = PBXFileReference; lastKnownFileType = sourcecode.swift; path = LR41_tests.swift; sourceTree = "<group>"; };
		400D6B3F207D024E00B9A68B /* Info.plist */ = {isa = PBXFileReference; lastKnownFileType = text.plist.xml; path = Info.plist; sourceTree = "<group>"; };
		400D6B43207D027B00B9A68B /* CCone.swift */ = {isa = PBXFileReference; fileEncoding = 4; lastKnownFileType = sourcecode.swift; path = CCone.swift; sourceTree = "<group>"; };
		400D6B44207D027B00B9A68B /* CBody.swift */ = {isa = PBXFileReference; fileEncoding = 4; lastKnownFileType = sourcecode.swift; path = CBody.swift; sourceTree = "<group>"; };
		400D6B45207D027C00B9A68B /* CCylinder.swift */ = {isa = PBXFileReference; fileEncoding = 4; lastKnownFileType = sourcecode.swift; path = CCylinder.swift; sourceTree = "<group>"; };
		400D6B46207D027C00B9A68B /* CSphere.swift */ = {isa = PBXFileReference; fileEncoding = 4; lastKnownFileType = sourcecode.swift; path = CSphere.swift; sourceTree = "<group>"; };
		400D6B47207D027C00B9A68B /* CParallelepiped.swift */ = {isa = PBXFileReference; fileEncoding = 4; lastKnownFileType = sourcecode.swift; path = CParallelepiped.swift; sourceTree = "<group>"; };
		400D6B48207D027C00B9A68B /* Command.swift */ = {isa = PBXFileReference; fileEncoding = 4; lastKnownFileType = sourcecode.swift; path = Command.swift; sourceTree = "<group>"; };
		400D6B49207D027C00B9A68B /* CCompound.swift */ = {isa = PBXFileReference; fileEncoding = 4; lastKnownFileType = sourcecode.swift; path = CCompound.swift; sourceTree = "<group>"; };
		400D6B4A207D027C00B9A68B /* Body_Tools.swift */ = {isa = PBXFileReference; fileEncoding = 4; lastKnownFileType = sourcecode.swift; path = Body_Tools.swift; sourceTree = "<group>"; };
/* End PBXFileReference section */

/* Begin PBXFrameworksBuildPhase section */
		400D6B2A207D023B00B9A68B /* Frameworks */ = {
			isa = PBXFrameworksBuildPhase;
			buildActionMask = 2147483647;
			files = (
			);
			runOnlyForDeploymentPostprocessing = 0;
		};
		400D6B38207D024E00B9A68B /* Frameworks */ = {
			isa = PBXFrameworksBuildPhase;
			buildActionMask = 2147483647;
			files = (
			);
			runOnlyForDeploymentPostprocessing = 0;
		};
/* End PBXFrameworksBuildPhase section */

/* Begin PBXGroup section */
		400D6B24207D023B00B9A68B = {
			isa = PBXGroup;
			children = (
				400D6B2F207D023B00B9A68B /* LR41 */,
				400D6B3C207D024E00B9A68B /* LR41_tests */,
				400D6B2E207D023B00B9A68B /* Products */,
			);
			sourceTree = "<group>";
		};
		400D6B2E207D023B00B9A68B /* Products */ = {
			isa = PBXGroup;
			children = (
				400D6B2D207D023B00B9A68B /* LR41 */,
				400D6B3B207D024E00B9A68B /* LR41_tests.xctest */,
			);
			name = Products;
			sourceTree = "<group>";
		};
		400D6B2F207D023B00B9A68B /* LR41 */ = {
			isa = PBXGroup;
			children = (
				400D6B30207D023B00B9A68B /* main.swift */,
				400D6B48207D027C00B9A68B /* Command.swift */,
				400D6B4A207D027C00B9A68B /* Body_Tools.swift */,
				400D6B44207D027B00B9A68B /* CBody.swift */,
				400D6B46207D027C00B9A68B /* CSphere.swift */,
				400D6B43207D027B00B9A68B /* CCone.swift */,
				400D6B45207D027C00B9A68B /* CCylinder.swift */,
				400D6B47207D027C00B9A68B /* CParallelepiped.swift */,
				400D6B49207D027C00B9A68B /* CCompound.swift */,
			);
			path = LR41;
			sourceTree = "<group>";
		};
		400D6B3C207D024E00B9A68B /* LR41_tests */ = {
			isa = PBXGroup;
			children = (
				400D6B3D207D024E00B9A68B /* LR41_tests.swift */,
				400D6B3F207D024E00B9A68B /* Info.plist */,
			);
			path = LR41_tests;
			sourceTree = "<group>";
		};
/* End PBXGroup section */

/* Begin PBXNativeTarget section */
		400D6B2C207D023B00B9A68B /* LR41 */ = {
			isa = PBXNativeTarget;
			buildConfigurationList = 400D6B34207D023C00B9A68B /* Build configuration list for PBXNativeTarget "LR41" */;
			buildPhases = (
				400D6B29207D023B00B9A68B /* Sources */,
				400D6B2A207D023B00B9A68B /* Frameworks */,
				400D6B2B207D023B00B9A68B /* CopyFiles */,
			);
			buildRules = (
			);
			dependencies = (
			);
			name = LR41;
			productName = LR41;
			productReference = 400D6B2D207D023B00B9A68B /* LR41 */;
			productType = "com.apple.product-type.tool";
		};
		400D6B3A207D024E00B9A68B /* LR41_tests */ = {
			isa = PBXNativeTarget;
			buildConfigurationList = 400D6B40207D024E00B9A68B /* Build configuration list for PBXNativeTarget "LR41_tests" */;
			buildPhases = (
				400D6B37207D024E00B9A68B /* Sources */,
				400D6B38207D024E00B9A68B /* Frameworks */,
				400D6B39207D024E00B9A68B /* Resources */,
			);
			buildRules = (
			);
			dependencies = (
			);
			name = LR41_tests;
			productName = LR41_tests;
			productReference = 400D6B3B207D024E00B9A68B /* LR41_tests.xctest */;
			productType = "com.apple.product-type.bundle.unit-test";
		};
/* End PBXNativeTarget section */

/* Begin PBXProject section */
		400D6B25207D023B00B9A68B /* Project object */ = {
			isa = PBXProject;
			attributes = {
				LastSwiftUpdateCheck = 0930;
				LastUpgradeCheck = 0930;
				ORGANIZATIONNAME = Marty;
				TargetAttributes = {
					400D6B2C207D023B00B9A68B = {
						CreatedOnToolsVersion = 9.3;
					};
					400D6B3A207D024E00B9A68B = {
						CreatedOnToolsVersion = 9.3;
					};
				};
			};
			buildConfigurationList = 400D6B28207D023B00B9A68B /* Build configuration list for PBXProject "LR41" */;
			compatibilityVersion = "Xcode 9.3";
			developmentRegion = en;
			hasScannedForEncodings = 0;
			knownRegions = (
				en,
			);
			mainGroup = 400D6B24207D023B00B9A68B;
			productRefGroup = 400D6B2E207D023B00B9A68B /* Products */;
			projectDirPath = "";
			projectRoot = "";
			targets = (
				400D6B2C207D023B00B9A68B /* LR41 */,
				400D6B3A207D024E00B9A68B /* LR41_tests */,
			);
		};
/* End PBXProject section */

/* Begin PBXResourcesBuildPhase section */
		400D6B39207D024E00B9A68B /* Resources */ = {
			isa = PBXResourcesBuildPhase;
			buildActionMask = 2147483647;
			files = (
			);
			runOnlyForDeploymentPostprocessing = 0;
		};
/* End PBXResourcesBuildPhase section */

/* Begin PBXSourcesBuildPhase section */
		400D6B29207D023B00B9A68B /* Sources */ = {
			isa = PBXSourcesBuildPhase;
			buildActionMask = 2147483647;
			files = (
				400D6B4C207D027C00B9A68B /* CBody.swift in Sources */,
				400D6B4B207D027C00B9A68B /* CCone.swift in Sources */,
				400D6B51207D027C00B9A68B /* CCompound.swift in Sources */,
				400D6B52207D027C00B9A68B /* Body_Tools.swift in Sources */,
				400D6B31207D023B00B9A68B /* main.swift in Sources */,
				400D6B4E207D027C00B9A68B /* CSphere.swift in Sources */,
				400D6B50207D027C00B9A68B /* Command.swift in Sources */,
				400D6B4D207D027C00B9A68B /* CCylinder.swift in Sources */,
				400D6B4F207D027C00B9A68B /* CParallelepiped.swift in Sources */,
			);
			runOnlyForDeploymentPostprocessing = 0;
		};
		400D6B37207D024E00B9A68B /* Sources */ = {
			isa = PBXSourcesBuildPhase;
			buildActionMask = 2147483647;
			files = (
				400D6B3E207D024E00B9A68B /* LR41_tests.swift in Sources */,
			);
			runOnlyForDeploymentPostprocessing = 0;
		};
/* End PBXSourcesBuildPhase section */

/* Begin XCBuildConfiguration section */
		400D6B32207D023B00B9A68B /* Debug */ = {
			isa = XCBuildConfiguration;
			buildSettings = {
				ALWAYS_SEARCH_USER_PATHS = NO;
				CLANG_ANALYZER_NONNULL = YES;
				CLANG_ANALYZER_NUMBER_OBJECT_CONVERSION = YES_AGGRESSIVE;
				CLANG_CXX_LANGUAGE_STANDARD = "gnu++14";
				CLANG_CXX_LIBRARY = "libc++";
				CLANG_ENABLE_MODULES = YES;
				CLANG_ENABLE_OBJC_ARC = YES;
				CLANG_ENABLE_OBJC_WEAK = YES;
				CLANG_WARN_BLOCK_CAPTURE_AUTORELEASING = YES;
				CLANG_WARN_BOOL_CONVERSION = YES;
				CLANG_WARN_COMMA = YES;
				CLANG_WARN_CONSTANT_CONVERSION = YES;
				CLANG_WARN_DEPRECATED_OBJC_IMPLEMENTATIONS = YES;
				CLANG_WARN_DIRECT_OBJC_ISA_USAGE = YES_ERROR;
				CLANG_WARN_DOCUMENTATION_COMMENTS = YES;
				CLANG_WARN_EMPTY_BODY = YES;
				CLANG_WARN_ENUM_CONVERSION = YES;
				CLANG_WARN_INFINITE_RECURSION = YES;
				CLANG_WARN_INT_CONVERSION = YES;
				CLANG_WARN_NON_LITERAL_NULL_CONVERSION = YES;
				CLANG_WARN_OBJC_IMPLICIT_RETAIN_SELF = YES;
				CLANG_WARN_OBJC_LITERAL_CONVERSION = YES;
				CLANG_WARN_OBJC_ROOT_CLASS = YES_ERROR;
				CLANG_WARN_RANGE_LOOP_ANALYSIS = YES;
				CLANG_WARN_STRICT_PROTOTYPES = YES;
				CLANG_WARN_SUSPICIOUS_MOVE = YES;
				CLANG_WARN_UNGUARDED_AVAILABILITY = YES_AGGRESSIVE;
				CLANG_WARN_UNREACHABLE_CODE = YES;
				CLANG_WARN__DUPLICATE_METHOD_MATCH = YES;
				CODE_SIGN_IDENTITY = "Mac Developer";
				COPY_PHASE_STRIP = NO;
				DEBUG_INFORMATION_FORMAT = dwarf;
				ENABLE_STRICT_OBJC_MSGSEND = YES;
				ENABLE_TESTABILITY = YES;
				GCC_C_LANGUAGE_STANDARD = gnu11;
				GCC_DYNAMIC_NO_PIC = NO;
				GCC_NO_COMMON_BLOCKS = YES;
				GCC_OPTIMIZATION_LEVEL = 0;
				GCC_PREPROCESSOR_DEFINITIONS = (
					"DEBUG=1",
					"$(inherited)",
				);
				GCC_WARN_64_TO_32_BIT_CONVERSION = YES;
				GCC_WARN_ABOUT_RETURN_TYPE = YES_ERROR;
				GCC_WARN_UNDECLARED_SELECTOR = YES;
				GCC_WARN_UNINITIALIZED_AUTOS = YES_AGGRESSIVE;
				GCC_WARN_UNUSED_FUNCTION = YES;
				GCC_WARN_UNUSED_VARIABLE = YES;
				MACOSX_DEPLOYMENT_TARGET = 10.13;
				MTL_ENABLE_DEBUG_INFO = YES;
				ONLY_ACTIVE_ARCH = YES;
				SDKROOT = macosx;
				SWIFT_ACTIVE_COMPILATION_CONDITIONS = DEBUG;
				SWIFT_OPTIMIZATION_LEVEL = "-Onone";
			};
			name = Debug;
		};
		400D6B33207D023B00B9A68B /* Release */ = {
			isa = XCBuildConfiguration;
			buildSettings = {
				ALWAYS_SEARCH_USER_PATHS = NO;
				CLANG_ANALYZER_NONNULL = YES;
				CLANG_ANALYZER_NUMBER_OBJECT_CONVERSION = YES_AGGRESSIVE;
				CLANG_CXX_LANGUAGE_STANDARD = "gnu++14";
				CLANG_CXX_LIBRARY = "libc++";
				CLANG_ENABLE_MODULES = YES;
				CLANG_ENABLE_OBJC_ARC = YES;
				CLANG_ENABLE_OBJC_WEAK = YES;
				CLANG_WARN_BLOCK_CAPTURE_AUTORELEASING = YES;
				CLANG_WARN_BOOL_CONVERSION = YES;
				CLANG_WARN_COMMA = YES;
				CLANG_WARN_CONSTANT_CONVERSION = YES;
				CLANG_WARN_DEPRECATED_OBJC_IMPLEMENTATIONS = YES;
				CLANG_WARN_DIRECT_OBJC_ISA_USAGE = YES_ERROR;
				CLANG_WARN_DOCUMENTATION_COMMENTS = YES;
				CLANG_WARN_EMPTY_BODY = YES;
				CLANG_WARN_ENUM_CONVERSION = YES;
				CLANG_WARN_INFINITE_RECURSION = YES;
				CLANG_WARN_INT_CONVERSION = YES;
				CLANG_WARN_NON_LITERAL_NULL_CONVERSION = YES;
				CLANG_WARN_OBJC_IMPLICIT_RETAIN_SELF = YES;
				CLANG_WARN_OBJC_LITERAL_CONVERSION = YES;
				CLANG_WARN_OBJC_ROOT_CLASS = YES_ERROR;
				CLANG_WARN_RANGE_LOOP_ANALYSIS = YES;
				CLANG_WARN_STRICT_PROTOTYPES = YES;
				CLANG_WARN_SUSPICIOUS_MOVE = YES;
				CLANG_WARN_UNGUARDED_AVAILABILITY = YES_AGGRESSIVE;
				CLANG_WARN_UNREACHABLE_CODE = YES;
				CLANG_WARN__DUPLICATE_METHOD_MATCH = YES;
				CODE_SIGN_IDENTITY = "Mac Developer";
				COPY_PHASE_STRIP = NO;
				DEBUG_INFORMATION_FORMAT = "dwarf-with-dsym";
				ENABLE_NS_ASSERTIONS = NO;
				ENABLE_STRICT_OBJC_MSGSEND = YES;
				GCC_C_LANGUAGE_STANDARD = gnu11;
				GCC_NO_COMMON_BLOCKS = YES;
				GCC_WARN_64_TO_32_BIT_CONVERSION = YES;
				GCC_WARN_ABOUT_RETURN_TYPE = YES_ERROR;
				GCC_WARN_UNDECLARED_SELECTOR = YES;
				GCC_WARN_UNINITIALIZED_AUTOS = YES_AGGRESSIVE;
				GCC_WARN_UNUSED_FUNCTION = YES;
				GCC_WARN_UNUSED_VARIABLE = YES;
				MACOSX_DEPLOYMENT_TARGET = 10.13;
				MTL_ENABLE_DEBUG_INFO = NO;
				SDKROOT = macosx;
				SWIFT_COMPILATION_MODE = wholemodule;
				SWIFT_OPTIMIZATION_LEVEL = "-O";
			};
			name = Release;
		};
		400D6B35207D023C00B9A68B /* Debug */ = {
			isa = XCBuildConfiguration;
			buildSettings = {
				CODE_SIGN_STYLE = Automatic;
				DEVELOPMENT_TEAM = 35DL4KA652;
				PRODUCT_NAME = "$(TARGET_NAME)";
				SWIFT_VERSION = 4.0;
			};
			name = Debug;
		};
		400D6B36207D023C00B9A68B /* Release */ = {
			isa = XCBuildConfiguration;
			buildSettings = {
				CODE_SIGN_STYLE = Automatic;
				DEVELOPMENT_TEAM = 35DL4KA652;
				PRODUCT_NAME = "$(TARGET_NAME)";
				SWIFT_VERSION = 4.0;
			};
			name = Release;
		};
		400D6B41207D024E00B9A68B /* Debug */ = {
			isa = XCBuildConfiguration;
			buildSettings = {
				CODE_SIGN_STYLE = Automatic;
				COMBINE_HIDPI_IMAGES = YES;
				DEVELOPMENT_TEAM = 35DL4KA652;
				INFOPLIST_FILE = LR41_tests/Info.plist;
				LD_RUNPATH_SEARCH_PATHS = (
					"$(inherited)",
					"@executable_path/../Frameworks",
					"@loader_path/../Frameworks",
				);
				PRODUCT_BUNDLE_IDENTIFIER = "MTY.LR41-tests";
				PRODUCT_NAME = "$(TARGET_NAME)";
				SWIFT_VERSION = 4.0;
			};
			name = Debug;
		};
		400D6B42207D024E00B9A68B /* Release */ = {
			isa = XCBuildConfiguration;
			buildSettings = {
				CODE_SIGN_STYLE = Automatic;
				COMBINE_HIDPI_IMAGES = YES;
				DEVELOPMENT_TEAM = 35DL4KA652;
				INFOPLIST_FILE = LR41_tests/Info.plist;
				LD_RUNPATH_SEARCH_PATHS = (
					"$(inherited)",
					"@executable_path/../Frameworks",
					"@loader_path/../Frameworks",
				);
				PRODUCT_BUNDLE_IDENTIFIER = "MTY.LR41-tests";
				PRODUCT_NAME = "$(TARGET_NAME)";
				SWIFT_VERSION = 4.0;
			};
			name = Release;
		};
/* End XCBuildConfiguration section */

/* Begin XCConfigurationList section */
		400D6B28207D023B00B9A68B /* Build configuration list for PBXProject "LR41" */ = {
			isa = XCConfigurationList;
			buildConfigurations = (
				400D6B32207D023B00B9A68B /* Debug */,
				400D6B33207D023B00B9A68B /* Release */,
			);
			defaultConfigurationIsVisible = 0;
			defaultConfigurationName = Release;
		};
		400D6B34207D023C00B9A68B /* Build configuration list for PBXNativeTarget "LR41" */ = {
			isa = XCConfigurationList;
			buildConfigurations = (
				400D6B35207D023C00B9A68B /* Debug */,
				400D6B36207D023C00B9A68B /* Release */,
			);
			defaultConfigurationIsVisible = 0;
			defaultConfigurationName = Release;
		};
		400D6B40207D024E00B9A68B /* Build configuration list for PBXNativeTarget "LR41_tests" */ = {
			isa = XCConfigurationList;
			buildConfigurations = (
				400D6B41207D024E00B9A68B /* Debug */,
				400D6B42207D024E00B9A68B /* Release */,
			);
			defaultConfigurationIsVisible = 0;
			defaultConfigurationName = Release;
		};
/* End XCConfigurationList section */
	};
	rootObject = 400D6B25207D023B00B9A68B /* Project object */;
}
